
Microsoft Visual Studio Solution File, Format Version 12.00
# Visual Studio Version 17
VisualStudioVersion = 17.1.32228.430
MinimumVisualStudioVersion = 10.0.40219.1
Project("{9A19103F-16F7-4668-BE54-9A1E7A4F7556}") = "StucturalDesignPattern", "StucturalDesignPattern\StucturalDesignPattern.csproj", "{6712AB32-2FB3-4E69-83B6-04E20012B950}"
EndProject
Project("{2150E333-8FDC-42A3-9474-1A3956D46DE8}") = "Adapter", "Adapter", "{436BD81C-C05D-4A53-A380-E286500B1533}"
EndProject
Project("{9A19103F-16F7-4668-BE54-9A1E7A4F7556}") = "Adapter", "Adapter\Adapter.csproj", "{520071C8-52C3-44AC-BAC4-2FFD7B572850}"
EndProject
Project("{9A19103F-16F7-4668-BE54-9A1E7A4F7556}") = "Adapter2", "Adapter2\Adapter2.csproj", "{C6D9BBA3-F59B-4E19-B6DF-4B220F043E9C}"
EndProject
Project("{9A19103F-16F7-4668-BE54-9A1E7A4F7556}") = "Adapter3", "Adapter3\Adapter3.csproj", "{10105089-764F-4F54-A3DA-694AF5E7EE11}"
EndProject
Project("{9A19103F-16F7-4668-BE54-9A1E7A4F7556}") = "Adapter4", "Adapter4\Adapter4.csproj", "{F3A8D346-7647-480A-A881-2A76F9B140BF}"
EndProject
Project("{2150E333-8FDC-42A3-9474-1A3956D46DE8}") = "Bridge", "Bridge", "{541AED04-772D-475F-BC43-C7F5C8E5F75C}"
EndProject
Project("{FAE04EC0-301F-11D3-BF4B-00C04F79EFBC}") = "Bridge", "Bridge\Bridge.csproj", "{031AC0B8-2A9F-4B69-83EA-B0D93DCBADD5}"
EndProject
Project("{FAE04EC0-301F-11D3-BF4B-00C04F79EFBC}") = "Bridge2", "Bridge2\Bridge2.csproj", "{FA09A726-AA82-4435-8075-E8069CF15B69}"
EndProject
Project("{FAE04EC0-301F-11D3-BF4B-00C04F79EFBC}") = "Bridge3", "Bridge3\Bridge3.csproj", "{6AEFF0C6-8B32-4A01-84E0-BE2D51A6034E}"
EndProject
Project("{2150E333-8FDC-42A3-9474-1A3956D46DE8}") = "Decorator", "Decorator", "{F19DA78F-0D50-45C8-B530-17BD4BB0C9DA}"
EndProject
Project("{FAE04EC0-301F-11D3-BF4B-00C04F79EFBC}") = "Decorator", "Decorator\Decorator.csproj", "{09CC9118-C0AA-4483-8465-593C6867232D}"
EndProject
Project("{FAE04EC0-301F-11D3-BF4B-00C04F79EFBC}") = "Decorator2", "Decorator2\Decorator2.csproj", "{3585EB1B-3DF7-4297-BCF7-631C36243D07}"
EndProject
Project("{2150E333-8FDC-42A3-9474-1A3956D46DE8}") = "Composite", "Composite", "{767C7DAA-4BEB-405F-9363-05AFD4E173E6}"
EndProject
Project("{FAE04EC0-301F-11D3-BF4B-00C04F79EFBC}") = "Composite", "Composite\Composite.csproj", "{D3BA98A9-B7D5-4B5D-AFB6-3E8027D4857C}"
EndProject
Project("{2150E333-8FDC-42A3-9474-1A3956D46DE8}") = "Facade", "Facade", "{A16B4461-32F6-4523-A6DC-B47E531D127D}"
EndProject
Project("{FAE04EC0-301F-11D3-BF4B-00C04F79EFBC}") = "Facade", "Facade\Facade.csproj", "{83C1B930-F609-4835-9E2F-C9E923632188}"
EndProject
Project("{2150E333-8FDC-42A3-9474-1A3956D46DE8}") = "Proxy", "Proxy", "{D60D9098-EFD5-45EF-A7C1-5E3A7B76F238}"
EndProject
Project("{FAE04EC0-301F-11D3-BF4B-00C04F79EFBC}") = "Proxy", "Proxy\Proxy.csproj", "{A8E17813-2602-4A0C-9402-75A5012144B6}"
EndProject
Global
	GlobalSection(SolutionConfigurationPlatforms) = preSolution
		Debug|Any CPU = Debug|Any CPU
		Release|Any CPU = Release|Any CPU
	EndGlobalSection
	GlobalSection(ProjectConfigurationPlatforms) = postSolution
		{6712AB32-2FB3-4E69-83B6-04E20012B950}.Debug|Any CPU.ActiveCfg = Debug|Any CPU
		{6712AB32-2FB3-4E69-83B6-04E20012B950}.Debug|Any CPU.Build.0 = Debug|Any CPU
		{6712AB32-2FB3-4E69-83B6-04E20012B950}.Release|Any CPU.ActiveCfg = Release|Any CPU
		{6712AB32-2FB3-4E69-83B6-04E20012B950}.Release|Any CPU.Build.0 = Release|Any CPU
		{520071C8-52C3-44AC-BAC4-2FFD7B572850}.Debug|Any CPU.ActiveCfg = Debug|Any CPU
		{520071C8-52C3-44AC-BAC4-2FFD7B572850}.Debug|Any CPU.Build.0 = Debug|Any CPU
		{520071C8-52C3-44AC-BAC4-2FFD7B572850}.Release|Any CPU.ActiveCfg = Release|Any CPU
		{520071C8-52C3-44AC-BAC4-2FFD7B572850}.Release|Any CPU.Build.0 = Release|Any CPU
		{C6D9BBA3-F59B-4E19-B6DF-4B220F043E9C}.Debug|Any CPU.ActiveCfg = Debug|Any CPU
		{C6D9BBA3-F59B-4E19-B6DF-4B220F043E9C}.Debug|Any CPU.Build.0 = Debug|Any CPU
		{C6D9BBA3-F59B-4E19-B6DF-4B220F043E9C}.Release|Any CPU.ActiveCfg = Release|Any CPU
		{C6D9BBA3-F59B-4E19-B6DF-4B220F043E9C}.Release|Any CPU.Build.0 = Release|Any CPU
		{10105089-764F-4F54-A3DA-694AF5E7EE11}.Debug|Any CPU.ActiveCfg = Debug|Any CPU
		{10105089-764F-4F54-A3DA-694AF5E7EE11}.Debug|Any CPU.Build.0 = Debug|Any CPU
		{10105089-764F-4F54-A3DA-694AF5E7EE11}.Release|Any CPU.ActiveCfg = Release|Any CPU
		{10105089-764F-4F54-A3DA-694AF5E7EE11}.Release|Any CPU.Build.0 = Release|Any CPU
		{F3A8D346-7647-480A-A881-2A76F9B140BF}.Debug|Any CPU.ActiveCfg = Debug|Any CPU
		{F3A8D346-7647-480A-A881-2A76F9B140BF}.Debug|Any CPU.Build.0 = Debug|Any CPU
		{F3A8D346-7647-480A-A881-2A76F9B140BF}.Release|Any CPU.ActiveCfg = Release|Any CPU
		{F3A8D346-7647-480A-A881-2A76F9B140BF}.Release|Any CPU.Build.0 = Release|Any CPU
		{031AC0B8-2A9F-4B69-83EA-B0D93DCBADD5}.Debug|Any CPU.ActiveCfg = Debug|Any CPU
		{031AC0B8-2A9F-4B69-83EA-B0D93DCBADD5}.Debug|Any CPU.Build.0 = Debug|Any CPU
		{031AC0B8-2A9F-4B69-83EA-B0D93DCBADD5}.Release|Any CPU.ActiveCfg = Release|Any CPU
		{031AC0B8-2A9F-4B69-83EA-B0D93DCBADD5}.Release|Any CPU.Build.0 = Release|Any CPU
		{FA09A726-AA82-4435-8075-E8069CF15B69}.Debug|Any CPU.ActiveCfg = Debug|Any CPU
		{FA09A726-AA82-4435-8075-E8069CF15B69}.Debug|Any CPU.Build.0 = Debug|Any CPU
		{FA09A726-AA82-4435-8075-E8069CF15B69}.Release|Any CPU.ActiveCfg = Release|Any CPU
		{FA09A726-AA82-4435-8075-E8069CF15B69}.Release|Any CPU.Build.0 = Release|Any CPU
		{6AEFF0C6-8B32-4A01-84E0-BE2D51A6034E}.Debug|Any CPU.ActiveCfg = Debug|Any CPU
		{6AEFF0C6-8B32-4A01-84E0-BE2D51A6034E}.Debug|Any CPU.Build.0 = Debug|Any CPU
		{6AEFF0C6-8B32-4A01-84E0-BE2D51A6034E}.Release|Any CPU.ActiveCfg = Release|Any CPU
		{6AEFF0C6-8B32-4A01-84E0-BE2D51A6034E}.Release|Any CPU.Build.0 = Release|Any CPU
		{09CC9118-C0AA-4483-8465-593C6867232D}.Debug|Any CPU.ActiveCfg = Debug|Any CPU
		{09CC9118-C0AA-4483-8465-593C6867232D}.Debug|Any CPU.Build.0 = Debug|Any CPU
		{09CC9118-C0AA-4483-8465-593C6867232D}.Release|Any CPU.ActiveCfg = Release|Any CPU
		{09CC9118-C0AA-4483-8465-593C6867232D}.Release|Any CPU.Build.0 = Release|Any CPU
		{3585EB1B-3DF7-4297-BCF7-631C36243D07}.Debug|Any CPU.ActiveCfg = Debug|Any CPU
		{3585EB1B-3DF7-4297-BCF7-631C36243D07}.Debug|Any CPU.Build.0 = Debug|Any CPU
		{3585EB1B-3DF7-4297-BCF7-631C36243D07}.Release|Any CPU.ActiveCfg = Release|Any CPU
		{3585EB1B-3DF7-4297-BCF7-631C36243D07}.Release|Any CPU.Build.0 = Release|Any CPU
		{D3BA98A9-B7D5-4B5D-AFB6-3E8027D4857C}.Debug|Any CPU.ActiveCfg = Debug|Any CPU
		{D3BA98A9-B7D5-4B5D-AFB6-3E8027D4857C}.Debug|Any CPU.Build.0 = Debug|Any CPU
		{D3BA98A9-B7D5-4B5D-AFB6-3E8027D4857C}.Release|Any CPU.ActiveCfg = Release|Any CPU
		{D3BA98A9-B7D5-4B5D-AFB6-3E8027D4857C}.Release|Any CPU.Build.0 = Release|Any CPU
		{83C1B930-F609-4835-9E2F-C9E923632188}.Debug|Any CPU.ActiveCfg = Debug|Any CPU
		{83C1B930-F609-4835-9E2F-C9E923632188}.Debug|Any CPU.Build.0 = Debug|Any CPU
		{83C1B930-F609-4835-9E2F-C9E923632188}.Release|Any CPU.ActiveCfg = Release|Any CPU
		{83C1B930-F609-4835-9E2F-C9E923632188}.Release|Any CPU.Build.0 = Release|Any CPU
		{A8E17813-2602-4A0C-9402-75A5012144B6}.Debug|Any CPU.ActiveCfg = Debug|Any CPU
		{A8E17813-2602-4A0C-9402-75A5012144B6}.Debug|Any CPU.Build.0 = Debug|Any CPU
		{A8E17813-2602-4A0C-9402-75A5012144B6}.Release|Any CPU.ActiveCfg = Release|Any CPU
		{A8E17813-2602-4A0C-9402-75A5012144B6}.Release|Any CPU.Build.0 = Release|Any CPU
	EndGlobalSection
	GlobalSection(SolutionProperties) = preSolution
		HideSolutionNode = FALSE
	EndGlobalSection
	GlobalSection(NestedProjects) = preSolution
		{520071C8-52C3-44AC-BAC4-2FFD7B572850} = {436BD81C-C05D-4A53-A380-E286500B1533}
		{C6D9BBA3-F59B-4E19-B6DF-4B220F043E9C} = {436BD81C-C05D-4A53-A380-E286500B1533}
		{10105089-764F-4F54-A3DA-694AF5E7EE11} = {436BD81C-C05D-4A53-A380-E286500B1533}
		{F3A8D346-7647-480A-A881-2A76F9B140BF} = {436BD81C-C05D-4A53-A380-E286500B1533}
		{031AC0B8-2A9F-4B69-83EA-B0D93DCBADD5} = {541AED04-772D-475F-BC43-C7F5C8E5F75C}
		{FA09A726-AA82-4435-8075-E8069CF15B69} = {541AED04-772D-475F-BC43-C7F5C8E5F75C}
		{6AEFF0C6-8B32-4A01-84E0-BE2D51A6034E} = {541AED04-772D-475F-BC43-C7F5C8E5F75C}
		{09CC9118-C0AA-4483-8465-593C6867232D} = {F19DA78F-0D50-45C8-B530-17BD4BB0C9DA}
		{3585EB1B-3DF7-4297-BCF7-631C36243D07} = {F19DA78F-0D50-45C8-B530-17BD4BB0C9DA}
		{D3BA98A9-B7D5-4B5D-AFB6-3E8027D4857C} = {767C7DAA-4BEB-405F-9363-05AFD4E173E6}
		{83C1B930-F609-4835-9E2F-C9E923632188} = {A16B4461-32F6-4523-A6DC-B47E531D127D}
		{A8E17813-2602-4A0C-9402-75A5012144B6} = {D60D9098-EFD5-45EF-A7C1-5E3A7B76F238}
	EndGlobalSection
	GlobalSection(ExtensibilityGlobals) = postSolution
		SolutionGuid = {EAC1AE85-04EE-4ACF-8A73-46143B0F3B7A}
	EndGlobalSection
EndGlobal
