
Microsoft Visual Studio Solution File, Format Version 12.00
# Visual Studio Version 17
VisualStudioVersion = 17.1.32228.430
MinimumVisualStudioVersion = 10.0.40219.1
Project("{FAE04EC0-301F-11D3-BF4B-00C04F79EFBC}") = "StucturalDesignPattern", "StucturalDesignPattern\StucturalDesignPattern.csproj", "{6712AB32-2FB3-4E69-83B6-04E20012B950}"
EndProject
Project("{2150E333-8FDC-42A3-9474-1A3956D46DE8}") = "Adapter", "Adapter", "{436BD81C-C05D-4A53-A380-E286500B1533}"
EndProject
Project("{FAE04EC0-301F-11D3-BF4B-00C04F79EFBC}") = "Adapter", "Adapter\Adapter.csproj", "{520071C8-52C3-44AC-BAC4-2FFD7B572850}"
EndProject
Project("{FAE04EC0-301F-11D3-BF4B-00C04F79EFBC}") = "Adapter2", "Adapter2\Adapter2.csproj", "{C6D9BBA3-F59B-4E19-B6DF-4B220F043E9C}"
EndProject
Project("{FAE04EC0-301F-11D3-BF4B-00C04F79EFBC}") = "Adapter3", "Adapter3\Adapter3.csproj", "{10105089-764F-4F54-A3DA-694AF5E7EE11}"
EndProject
Project("{FAE04EC0-301F-11D3-BF4B-00C04F79EFBC}") = "Adapter4", "Adapter4\Adapter4.csproj", "{F3A8D346-7647-480A-A881-2A76F9B140BF}"
EndProject
Global
	GlobalSection(SolutionConfigurationPlatforms) = preSolution
		Debug|Any CPU = Debug|Any CPU
		Release|Any CPU = Release|Any CPU
	EndGlobalSection
	GlobalSection(ProjectConfigurationPlatforms) = postSolution
		{6712AB32-2FB3-4E69-83B6-04E20012B950}.Debug|Any CPU.ActiveCfg = Debug|Any CPU
		{6712AB32-2FB3-4E69-83B6-04E20012B950}.Debug|Any CPU.Build.0 = Debug|Any CPU
		{6712AB32-2FB3-4E69-83B6-04E20012B950}.Release|Any CPU.ActiveCfg = Release|Any CPU
		{6712AB32-2FB3-4E69-83B6-04E20012B950}.Release|Any CPU.Build.0 = Release|Any CPU
		{520071C8-52C3-44AC-BAC4-2FFD7B572850}.Debug|Any CPU.ActiveCfg = Debug|Any CPU
		{520071C8-52C3-44AC-BAC4-2FFD7B572850}.Debug|Any CPU.Build.0 = Debug|Any CPU
		{520071C8-52C3-44AC-BAC4-2FFD7B572850}.Release|Any CPU.ActiveCfg = Release|Any CPU
		{520071C8-52C3-44AC-BAC4-2FFD7B572850}.Release|Any CPU.Build.0 = Release|Any CPU
		{C6D9BBA3-F59B-4E19-B6DF-4B220F043E9C}.Debug|Any CPU.ActiveCfg = Debug|Any CPU
		{C6D9BBA3-F59B-4E19-B6DF-4B220F043E9C}.Debug|Any CPU.Build.0 = Debug|Any CPU
		{C6D9BBA3-F59B-4E19-B6DF-4B220F043E9C}.Release|Any CPU.ActiveCfg = Release|Any CPU
		{C6D9BBA3-F59B-4E19-B6DF-4B220F043E9C}.Release|Any CPU.Build.0 = Release|Any CPU
		{10105089-764F-4F54-A3DA-694AF5E7EE11}.Debug|Any CPU.ActiveCfg = Debug|Any CPU
		{10105089-764F-4F54-A3DA-694AF5E7EE11}.Debug|Any CPU.Build.0 = Debug|Any CPU
		{10105089-764F-4F54-A3DA-694AF5E7EE11}.Release|Any CPU.ActiveCfg = Release|Any CPU
		{10105089-764F-4F54-A3DA-694AF5E7EE11}.Release|Any CPU.Build.0 = Release|Any CPU
		{F3A8D346-7647-480A-A881-2A76F9B140BF}.Debug|Any CPU.ActiveCfg = Debug|Any CPU
		{F3A8D346-7647-480A-A881-2A76F9B140BF}.Debug|Any CPU.Build.0 = Debug|Any CPU
		{F3A8D346-7647-480A-A881-2A76F9B140BF}.Release|Any CPU.ActiveCfg = Release|Any CPU
		{F3A8D346-7647-480A-A881-2A76F9B140BF}.Release|Any CPU.Build.0 = Release|Any CPU
	EndGlobalSection
	GlobalSection(SolutionProperties) = preSolution
		HideSolutionNode = FALSE
	EndGlobalSection
	GlobalSection(NestedProjects) = preSolution
		{520071C8-52C3-44AC-BAC4-2FFD7B572850} = {436BD81C-C05D-4A53-A380-E286500B1533}
		{C6D9BBA3-F59B-4E19-B6DF-4B220F043E9C} = {436BD81C-C05D-4A53-A380-E286500B1533}
		{10105089-764F-4F54-A3DA-694AF5E7EE11} = {436BD81C-C05D-4A53-A380-E286500B1533}
		{F3A8D346-7647-480A-A881-2A76F9B140BF} = {436BD81C-C05D-4A53-A380-E286500B1533}
	EndGlobalSection
	GlobalSection(ExtensibilityGlobals) = postSolution
		SolutionGuid = {EAC1AE85-04EE-4ACF-8A73-46143B0F3B7A}
	EndGlobalSection
EndGlobal
